// !$*UTF8*$!
{
	archiveVersion = 1;
	classes = {
	};
	objectVersion = 55;
	objects = {

/* Begin PBXBuildFile section */
		273631C4278DF4B500CE4776 /* ImageCache.swift in Sources */ = {isa = PBXBuildFile; fileRef = 273631C3278DF4B500CE4776 /* ImageCache.swift */; };
		277E55372788A413004981AD /* StateManagementTutorialApp.swift in Sources */ = {isa = PBXBuildFile; fileRef = 277E55362788A413004981AD /* StateManagementTutorialApp.swift */; };
		277E55392788A413004981AD /* ContentView.swift in Sources */ = {isa = PBXBuildFile; fileRef = 277E55382788A413004981AD /* ContentView.swift */; };
		277E553B2788A414004981AD /* Assets.xcassets in Resources */ = {isa = PBXBuildFile; fileRef = 277E553A2788A414004981AD /* Assets.xcassets */; };
		277E553E2788A414004981AD /* Preview Assets.xcassets in Resources */ = {isa = PBXBuildFile; fileRef = 277E553D2788A414004981AD /* Preview Assets.xcassets */; };
		277E55452788A434004981AD /* StateAndBindingView.swift in Sources */ = {isa = PBXBuildFile; fileRef = 277E55442788A434004981AD /* StateAndBindingView.swift */; };
		277E55472788A931004981AD /* ObservableView.swift in Sources */ = {isa = PBXBuildFile; fileRef = 277E55462788A931004981AD /* ObservableView.swift */; };
		27F118012795DFBA0087C547 /* StoryListViewModel.swift in Sources */ = {isa = PBXBuildFile; fileRef = 273631BC278DED2200CE4776 /* StoryListViewModel.swift */; };
		27F118042795E3030087C547 /* WebService in Frameworks */ = {isa = PBXBuildFile; productRef = 27F118032795E3030087C547 /* WebService */; };
		27F118062795F4D00087C547 /* EnvironmentObjectView.swift in Sources */ = {isa = PBXBuildFile; fileRef = 27F118052795F4D00087C547 /* EnvironmentObjectView.swift */; };
/* End PBXBuildFile section */

/* Begin PBXFileReference section */
		273631BC278DED2200CE4776 /* StoryListViewModel.swift */ = {isa = PBXFileReference; lastKnownFileType = sourcecode.swift; path = StoryListViewModel.swift; sourceTree = "<group>"; };
		273631C3278DF4B500CE4776 /* ImageCache.swift */ = {isa = PBXFileReference; lastKnownFileType = sourcecode.swift; path = ImageCache.swift; sourceTree = "<group>"; };
		277E55332788A413004981AD /* StateManagementTutorial.app */ = {isa = PBXFileReference; explicitFileType = wrapper.application; includeInIndex = 0; path = StateManagementTutorial.app; sourceTree = BUILT_PRODUCTS_DIR; };
		277E55362788A413004981AD /* StateManagementTutorialApp.swift */ = {isa = PBXFileReference; lastKnownFileType = sourcecode.swift; path = StateManagementTutorialApp.swift; sourceTree = "<group>"; };
		277E55382788A413004981AD /* ContentView.swift */ = {isa = PBXFileReference; lastKnownFileType = sourcecode.swift; path = ContentView.swift; sourceTree = "<group>"; };
		277E553A2788A414004981AD /* Assets.xcassets */ = {isa = PBXFileReference; lastKnownFileType = folder.assetcatalog; path = Assets.xcassets; sourceTree = "<group>"; };
		277E553D2788A414004981AD /* Preview Assets.xcassets */ = {isa = PBXFileReference; lastKnownFileType = folder.assetcatalog; path = "Preview Assets.xcassets"; sourceTree = "<group>"; };
		277E55442788A434004981AD /* StateAndBindingView.swift */ = {isa = PBXFileReference; lastKnownFileType = sourcecode.swift; path = StateAndBindingView.swift; sourceTree = "<group>"; };
		277E55462788A931004981AD /* ObservableView.swift */ = {isa = PBXFileReference; lastKnownFileType = sourcecode.swift; path = ObservableView.swift; sourceTree = "<group>"; };
		27F118002795C96A0087C547 /* WebService */ = {isa = PBXFileReference; lastKnownFileType = folder; name = WebService; path = ../WebService; sourceTree = "<group>"; };
		27F118052795F4D00087C547 /* EnvironmentObjectView.swift */ = {isa = PBXFileReference; lastKnownFileType = sourcecode.swift; path = EnvironmentObjectView.swift; sourceTree = "<group>"; };
/* End PBXFileReference section */

/* Begin PBXFrameworksBuildPhase section */
		277E55302788A413004981AD /* Frameworks */ = {
			isa = PBXFrameworksBuildPhase;
			buildActionMask = 2147483647;
			files = (
				27F118042795E3030087C547 /* WebService in Frameworks */,
			);
			runOnlyForDeploymentPostprocessing = 0;
		};
/* End PBXFrameworksBuildPhase section */

/* Begin PBXGroup section */
		273631B8278CA73400CE4776 /* References */ = {
			isa = PBXGroup;
			children = (
				277E55442788A434004981AD /* StateAndBindingView.swift */,
				277E55462788A931004981AD /* ObservableView.swift */,
				273631BC278DED2200CE4776 /* StoryListViewModel.swift */,
				27F118052795F4D00087C547 /* EnvironmentObjectView.swift */,
			);
			path = References;
			sourceTree = "<group>";
		};
		273631C2278DF4A600CE4776 /* Cache */ = {
			isa = PBXGroup;
			children = (
				273631C3278DF4B500CE4776 /* ImageCache.swift */,
			);
			path = Cache;
			sourceTree = "<group>";
		};
		277E552A2788A413004981AD = {
			isa = PBXGroup;
			children = (
				27F118002795C96A0087C547 /* WebService */,
				277E55352788A413004981AD /* StateManagementTutorial */,
				277E55342788A413004981AD /* Products */,
				27F118022795E3030087C547 /* Frameworks */,
			);
			sourceTree = "<group>";
		};
		277E55342788A413004981AD /* Products */ = {
			isa = PBXGroup;
			children = (
				277E55332788A413004981AD /* StateManagementTutorial.app */,
			);
			name = Products;
			sourceTree = "<group>";
		};
		277E55352788A413004981AD /* StateManagementTutorial */ = {
			isa = PBXGroup;
			children = (
				273631C2278DF4A600CE4776 /* Cache */,
				277E55362788A413004981AD /* StateManagementTutorialApp.swift */,
				277E55382788A413004981AD /* ContentView.swift */,
				277E553A2788A414004981AD /* Assets.xcassets */,
				277E553C2788A414004981AD /* Preview Content */,
				273631B8278CA73400CE4776 /* References */,
			);
			path = StateManagementTutorial;
			sourceTree = "<group>";
		};
		277E553C2788A414004981AD /* Preview Content */ = {
			isa = PBXGroup;
			children = (
				277E553D2788A414004981AD /* Preview Assets.xcassets */,
			);
			path = "Preview Content";
			sourceTree = "<group>";
		};
		27F118022795E3030087C547 /* Frameworks */ = {
			isa = PBXGroup;
			children = (
			);
			name = Frameworks;
			sourceTree = "<group>";
		};
/* End PBXGroup section */

/* Begin PBXNativeTarget section */
		277E55322788A413004981AD /* StateManagementTutorial */ = {
			isa = PBXNativeTarget;
			buildConfigurationList = 277E55412788A414004981AD /* Build configuration list for PBXNativeTarget "StateManagementTutorial" */;
			buildPhases = (
				277E552F2788A413004981AD /* Sources */,
				277E55302788A413004981AD /* Frameworks */,
				277E55312788A413004981AD /* Resources */,
			);
			buildRules = (
			);
			dependencies = (
			);
			name = StateManagementTutorial;
			packageProductDependencies = (
				27F118032795E3030087C547 /* WebService */,
			);
			productName = StateManagementTutorial;
			productReference = 277E55332788A413004981AD /* StateManagementTutorial.app */;
			productType = "com.apple.product-type.application";
		};
/* End PBXNativeTarget section */

/* Begin PBXProject section */
		277E552B2788A413004981AD /* Project object */ = {
			isa = PBXProject;
			attributes = {
				BuildIndependentTargetsInParallel = 1;
				LastSwiftUpdateCheck = 1310;
				LastUpgradeCheck = 1310;
				TargetAttributes = {
					277E55322788A413004981AD = {
						CreatedOnToolsVersion = 13.1;
					};
				};
			};
			buildConfigurationList = 277E552E2788A413004981AD /* Build configuration list for PBXProject "StateManagementTutorial" */;
			compatibilityVersion = "Xcode 13.0";
			developmentRegion = en;
			hasScannedForEncodings = 0;
			knownRegions = (
				en,
				Base,
			);
			mainGroup = 277E552A2788A413004981AD;
			productRefGroup = 277E55342788A413004981AD /* Products */;
			projectDirPath = "";
			projectRoot = "";
			targets = (
				277E55322788A413004981AD /* StateManagementTutorial */,
			);
		};
/* End PBXProject section */

/* Begin PBXResourcesBuildPhase section */
		277E55312788A413004981AD /* Resources */ = {
			isa = PBXResourcesBuildPhase;
			buildActionMask = 2147483647;
			files = (
				277E553E2788A414004981AD /* Preview Assets.xcassets in Resources */,
				277E553B2788A414004981AD /* Assets.xcassets in Resources */,
			);
			runOnlyForDeploymentPostprocessing = 0;
		};
/* End PBXResourcesBuildPhase section */

/* Begin PBXSourcesBuildPhase section */
		277E552F2788A413004981AD /* Sources */ = {
			isa = PBXSourcesBuildPhase;
			buildActionMask = 2147483647;
			files = (
				273631C4278DF4B500CE4776 /* ImageCache.swift in Sources */,
				277E55472788A931004981AD /* ObservableView.swift in Sources */,
				27F118062795F4D00087C547 /* EnvironmentObjectView.swift in Sources */,
				277E55392788A413004981AD /* ContentView.swift in Sources */,
				27F118012795DFBA0087C547 /* StoryListViewModel.swift in Sources */,
				277E55452788A434004981AD /* StateAndBindingView.swift in Sources */,
				277E55372788A413004981AD /* StateManagementTutorialApp.swift in Sources */,
			);
			runOnlyForDeploymentPostprocessing = 0;
		};
/* End PBXSourcesBuildPhase section */

/* Begin XCBuildConfiguration section */
		277E553F2788A414004981AD /* Debug */ = {
			isa = XCBuildConfiguration;
			buildSettings = {
				ALWAYS_SEARCH_USER_PATHS = NO;
				CLANG_ANALYZER_NONNULL = YES;
				CLANG_ANALYZER_NUMBER_OBJECT_CONVERSION = YES_AGGRESSIVE;
				CLANG_CXX_LANGUAGE_STANDARD = "gnu++17";
				CLANG_CXX_LIBRARY = "libc++";
				CLANG_ENABLE_MODULES = YES;
				CLANG_ENABLE_OBJC_ARC = YES;
				CLANG_ENABLE_OBJC_WEAK = YES;
				CLANG_WARN_BLOCK_CAPTURE_AUTORELEASING = YES;
				CLANG_WARN_BOOL_CONVERSION = YES;
				CLANG_WARN_COMMA = YES;
				CLANG_WARN_CONSTANT_CONVERSION = YES;
				CLANG_WARN_DEPRECATED_OBJC_IMPLEMENTATIONS = YES;
				CLANG_WARN_DIRECT_OBJC_ISA_USAGE = YES_ERROR;
				CLANG_WARN_DOCUMENTATION_COMMENTS = YES;
				CLANG_WARN_EMPTY_BODY = YES;
				CLANG_WARN_ENUM_CONVERSION = YES;
				CLANG_WARN_INFINITE_RECURSION = YES;
				CLANG_WARN_INT_CONVERSION = YES;
				CLANG_WARN_NON_LITERAL_NULL_CONVERSION = YES;
				CLANG_WARN_OBJC_IMPLICIT_RETAIN_SELF = YES;
				CLANG_WARN_OBJC_LITERAL_CONVERSION = YES;
				CLANG_WARN_OBJC_ROOT_CLASS = YES_ERROR;
				CLANG_WARN_QUOTED_INCLUDE_IN_FRAMEWORK_HEADER = YES;
				CLANG_WARN_RANGE_LOOP_ANALYSIS = YES;
				CLANG_WARN_STRICT_PROTOTYPES = YES;
				CLANG_WARN_SUSPICIOUS_MOVE = YES;
				CLANG_WARN_UNGUARDED_AVAILABILITY = YES_AGGRESSIVE;
				CLANG_WARN_UNREACHABLE_CODE = YES;
				CLANG_WARN__DUPLICATE_METHOD_MATCH = YES;
				COPY_PHASE_STRIP = NO;
				DEBUG_INFORMATION_FORMAT = dwarf;
				ENABLE_STRICT_OBJC_MSGSEND = YES;
				ENABLE_TESTABILITY = YES;
				GCC_C_LANGUAGE_STANDARD = gnu11;
				GCC_DYNAMIC_NO_PIC = NO;
				GCC_NO_COMMON_BLOCKS = YES;
				GCC_OPTIMIZATION_LEVEL = 0;
				GCC_PREPROCESSOR_DEFINITIONS = (
					"DEBUG=1",
					"$(inherited)",
				);
				GCC_WARN_64_TO_32_BIT_CONVERSION = YES;
				GCC_WARN_ABOUT_RETURN_TYPE = YES_ERROR;
				GCC_WARN_UNDECLARED_SELECTOR = YES;
				GCC_WARN_UNINITIALIZED_AUTOS = YES_AGGRESSIVE;
				GCC_WARN_UNUSED_FUNCTION = YES;
				GCC_WARN_UNUSED_VARIABLE = YES;
				IPHONEOS_DEPLOYMENT_TARGET = 15.0;
				MTL_ENABLE_DEBUG_INFO = INCLUDE_SOURCE;
				MTL_FAST_MATH = YES;
				ONLY_ACTIVE_ARCH = YES;
				SDKROOT = iphoneos;
				SWIFT_ACTIVE_COMPILATION_CONDITIONS = DEBUG;
				SWIFT_OPTIMIZATION_LEVEL = "-Onone";
			};
			name = Debug;
		};
		277E55402788A414004981AD /* Release */ = {
			isa = XCBuildConfiguration;
			buildSettings = {
				ALWAYS_SEARCH_USER_PATHS = NO;
				CLANG_ANALYZER_NONNULL = YES;
				CLANG_ANALYZER_NUMBER_OBJECT_CONVERSION = YES_AGGRESSIVE;
				CLANG_CXX_LANGUAGE_STANDARD = "gnu++17";
				CLANG_CXX_LIBRARY = "libc++";
				CLANG_ENABLE_MODULES = YES;
				CLANG_ENABLE_OBJC_ARC = YES;
				CLANG_ENABLE_OBJC_WEAK = YES;
				CLANG_WARN_BLOCK_CAPTURE_AUTORELEASING = YES;
				CLANG_WARN_BOOL_CONVERSION = YES;
				CLANG_WARN_COMMA = YES;
				CLANG_WARN_CONSTANT_CONVERSION = YES;
				CLANG_WARN_DEPRECATED_OBJC_IMPLEMENTATIONS = YES;
				CLANG_WARN_DIRECT_OBJC_ISA_USAGE = YES_ERROR;
				CLANG_WARN_DOCUMENTATION_COMMENTS = YES;
				CLANG_WARN_EMPTY_BODY = YES;
				CLANG_WARN_ENUM_CONVERSION = YES;
				CLANG_WARN_INFINITE_RECURSION = YES;
				CLANG_WARN_INT_CONVERSION = YES;
				CLANG_WARN_NON_LITERAL_NULL_CONVERSION = YES;
				CLANG_WARN_OBJC_IMPLICIT_RETAIN_SELF = YES;
				CLANG_WARN_OBJC_LITERAL_CONVERSION = YES;
				CLANG_WARN_OBJC_ROOT_CLASS = YES_ERROR;
				CLANG_WARN_QUOTED_INCLUDE_IN_FRAMEWORK_HEADER = YES;
				CLANG_WARN_RANGE_LOOP_ANALYSIS = YES;
				CLANG_WARN_STRICT_PROTOTYPES = YES;
				CLANG_WARN_SUSPICIOUS_MOVE = YES;
				CLANG_WARN_UNGUARDED_AVAILABILITY = YES_AGGRESSIVE;
				CLANG_WARN_UNREACHABLE_CODE = YES;
				CLANG_WARN__DUPLICATE_METHOD_MATCH = YES;
				COPY_PHASE_STRIP = NO;
				DEBUG_INFORMATION_FORMAT = "dwarf-with-dsym";
				ENABLE_NS_ASSERTIONS = NO;
				ENABLE_STRICT_OBJC_MSGSEND = YES;
				GCC_C_LANGUAGE_STANDARD = gnu11;
				GCC_NO_COMMON_BLOCKS = YES;
				GCC_WARN_64_TO_32_BIT_CONVERSION = YES;
				GCC_WARN_ABOUT_RETURN_TYPE = YES_ERROR;
				GCC_WARN_UNDECLARED_SELECTOR = YES;
				GCC_WARN_UNINITIALIZED_AUTOS = YES_AGGRESSIVE;
				GCC_WARN_UNUSED_FUNCTION = YES;
				GCC_WARN_UNUSED_VARIABLE = YES;
				IPHONEOS_DEPLOYMENT_TARGET = 15.0;
				MTL_ENABLE_DEBUG_INFO = NO;
				MTL_FAST_MATH = YES;
				SDKROOT = iphoneos;
				SWIFT_COMPILATION_MODE = wholemodule;
				SWIFT_OPTIMIZATION_LEVEL = "-O";
				VALIDATE_PRODUCT = YES;
			};
			name = Release;
		};
		277E55422788A414004981AD /* Debug */ = {
			isa = XCBuildConfiguration;
			buildSettings = {
				ASSETCATALOG_COMPILER_APPICON_NAME = AppIcon;
				ASSETCATALOG_COMPILER_GLOBAL_ACCENT_COLOR_NAME = AccentColor;
				CODE_SIGN_STYLE = Automatic;
				CURRENT_PROJECT_VERSION = 1;
				DEVELOPMENT_ASSET_PATHS = "\"StateManagementTutorial/Preview Content\"";
				DEVELOPMENT_TEAM = 25LAFJU3F7;
				ENABLE_PREVIEWS = YES;
				GENERATE_INFOPLIST_FILE = YES;
				INFOPLIST_KEY_UIApplicationSceneManifest_Generation = YES;
				INFOPLIST_KEY_UIApplicationSupportsIndirectInputEvents = YES;
				INFOPLIST_KEY_UILaunchScreen_Generation = YES;
				INFOPLIST_KEY_UISupportedInterfaceOrientations_iPad = "UIInterfaceOrientationPortrait UIInterfaceOrientationPortraitUpsideDown UIInterfaceOrientationLandscapeLeft UIInterfaceOrientationLandscapeRight";
				INFOPLIST_KEY_UISupportedInterfaceOrientations_iPhone = "UIInterfaceOrientationPortrait UIInterfaceOrientationLandscapeLeft UIInterfaceOrientationLandscapeRight";
				LD_RUNPATH_SEARCH_PATHS = (
					"$(inherited)",
					"@executable_path/Frameworks",
				);
				MARKETING_VERSION = 1.0;
				PRODUCT_BUNDLE_IDENTIFIER = saim.StateManagementTutorial;
				PRODUCT_NAME = "$(TARGET_NAME)";
				SWIFT_EMIT_LOC_STRINGS = YES;
				SWIFT_VERSION = 5.0;
				TARGETED_DEVICE_FAMILY = "1,2";
			};
			name = Debug;
		};
		277E55432788A414004981AD /* Release */ = {
			isa = XCBuildConfiguration;
			buildSettings = {
				ASSETCATALOG_COMPILER_APPICON_NAME = AppIcon;
				ASSETCATALOG_COMPILER_GLOBAL_ACCENT_COLOR_NAME = AccentColor;
				CODE_SIGN_STYLE = Automatic;
				CURRENT_PROJECT_VERSION = 1;
				DEVELOPMENT_ASSET_PATHS = "\"StateManagementTutorial/Preview Content\"";
				DEVELOPMENT_TEAM = 25LAFJU3F7;
				ENABLE_PREVIEWS = YES;
				GENERATE_INFOPLIST_FILE = YES;
				INFOPLIST_KEY_UIApplicationSceneManifest_Generation = YES;
				INFOPLIST_KEY_UIApplicationSupportsIndirectInputEvents = YES;
				INFOPLIST_KEY_UILaunchScreen_Generation = YES;
				INFOPLIST_KEY_UISupportedInterfaceOrientations_iPad = "UIInterfaceOrientationPortrait UIInterfaceOrientationPortraitUpsideDown UIInterfaceOrientationLandscapeLeft UIInterfaceOrientationLandscapeRight";
				INFOPLIST_KEY_UISupportedInterfaceOrientations_iPhone = "UIInterfaceOrientationPortrait UIInterfaceOrientationLandscapeLeft UIInterfaceOrientationLandscapeRight";
				LD_RUNPATH_SEARCH_PATHS = (
					"$(inherited)",
					"@executable_path/Frameworks",
				);
				MARKETING_VERSION = 1.0;
				PRODUCT_BUNDLE_IDENTIFIER = saim.StateManagementTutorial;
				PRODUCT_NAME = "$(TARGET_NAME)";
				SWIFT_EMIT_LOC_STRINGS = YES;
				SWIFT_VERSION = 5.0;
				TARGETED_DEVICE_FAMILY = "1,2";
			};
			name = Release;
		};
/* End XCBuildConfiguration section */

/* Begin XCConfigurationList section */
		277E552E2788A413004981AD /* Build configuration list for PBXProject "StateManagementTutorial" */ = {
			isa = XCConfigurationList;
			buildConfigurations = (
				277E553F2788A414004981AD /* Debug */,
				277E55402788A414004981AD /* Release */,
			);
			defaultConfigurationIsVisible = 0;
			defaultConfigurationName = Release;
		};
		277E55412788A414004981AD /* Build configuration list for PBXNativeTarget "StateManagementTutorial" */ = {
			isa = XCConfigurationList;
			buildConfigurations = (
				277E55422788A414004981AD /* Debug */,
				277E55432788A414004981AD /* Release */,
			);
			defaultConfigurationIsVisible = 0;
			defaultConfigurationName = Release;
		};
/* End XCConfigurationList section */

/* Begin XCSwiftPackageProductDependency section */
		27F118032795E3030087C547 /* WebService */ = {
			isa = XCSwiftPackageProductDependency;
			productName = WebService;
		};
/* End XCSwiftPackageProductDependency section */
	};
	rootObject = 277E552B2788A413004981AD /* Project object */;
}
